// !$*UTF8*$!
{
	archiveVersion = 1;
	classes = {
	};
	objectVersion = 56;
	objects = {

/* Begin PBXBuildFile section */
		DCC7EB582B950B3500FD170A /* AirQualityMapApp.swift in Sources */ = {isa = PBXBuildFile; fileRef = DCC7EB572B950B3500FD170A /* AirQualityMapApp.swift */; };
		DCC7EB5A2B950B3500FD170A /* ContentView.swift in Sources */ = {isa = PBXBuildFile; fileRef = DCC7EB592B950B3500FD170A /* ContentView.swift */; };
		DCC7EB5C2B950B3600FD170A /* Assets.xcassets in Resources */ = {isa = PBXBuildFile; fileRef = DCC7EB5B2B950B3600FD170A /* Assets.xcassets */; };
		DCC7EB5F2B950B3600FD170A /* Preview Assets.xcassets in Resources */ = {isa = PBXBuildFile; fileRef = DCC7EB5E2B950B3600FD170A /* Preview Assets.xcassets */; };
		DCC7EB672B950C0A00FD170A /* XCAAQI in Frameworks */ = {isa = PBXBuildFile; productRef = DCC7EB662B950C0A00FD170A /* XCAAQI */; };
		DCC7EB692B950FE300FD170A /* AppViewModel.swift in Sources */ = {isa = PBXBuildFile; fileRef = DCC7EB682B950FE300FD170A /* AppViewModel.swift */; };
		DCC7EB6B2B95CB8600FD170A /* CoordinatesFinder.swift in Sources */ = {isa = PBXBuildFile; fileRef = DCC7EB6A2B95CB8600FD170A /* CoordinatesFinder.swift */; };
		DCC7EB6D2B95D5BD00FD170A /* CircleAQIView.swift in Sources */ = {isa = PBXBuildFile; fileRef = DCC7EB6C2B95D5BD00FD170A /* CircleAQIView.swift */; };
/* End PBXBuildFile section */

/* Begin PBXFileReference section */
		DCC7EB542B950B3500FD170A /* AirQualityMap.app */ = {isa = PBXFileReference; explicitFileType = wrapper.application; includeInIndex = 0; path = AirQualityMap.app; sourceTree = BUILT_PRODUCTS_DIR; };
		DCC7EB572B950B3500FD170A /* AirQualityMapApp.swift */ = {isa = PBXFileReference; lastKnownFileType = sourcecode.swift; path = AirQualityMapApp.swift; sourceTree = "<group>"; };
		DCC7EB592B950B3500FD170A /* ContentView.swift */ = {isa = PBXFileReference; lastKnownFileType = sourcecode.swift; path = ContentView.swift; sourceTree = "<group>"; };
		DCC7EB5B2B950B3600FD170A /* Assets.xcassets */ = {isa = PBXFileReference; lastKnownFileType = folder.assetcatalog; path = Assets.xcassets; sourceTree = "<group>"; };
		DCC7EB5E2B950B3600FD170A /* Preview Assets.xcassets */ = {isa = PBXFileReference; lastKnownFileType = folder.assetcatalog; path = "Preview Assets.xcassets"; sourceTree = "<group>"; };
		DCC7EB682B950FE300FD170A /* AppViewModel.swift */ = {isa = PBXFileReference; lastKnownFileType = sourcecode.swift; path = AppViewModel.swift; sourceTree = "<group>"; };
		DCC7EB6A2B95CB8600FD170A /* CoordinatesFinder.swift */ = {isa = PBXFileReference; lastKnownFileType = sourcecode.swift; path = CoordinatesFinder.swift; sourceTree = "<group>"; };
		DCC7EB6C2B95D5BD00FD170A /* CircleAQIView.swift */ = {isa = PBXFileReference; lastKnownFileType = sourcecode.swift; path = CircleAQIView.swift; sourceTree = "<group>"; };
/* End PBXFileReference section */

/* Begin PBXFrameworksBuildPhase section */
		DCC7EB512B950B3500FD170A /* Frameworks */ = {
			isa = PBXFrameworksBuildPhase;
			buildActionMask = 2147483647;
			files = (
				DCC7EB672B950C0A00FD170A /* XCAAQI in Frameworks */,
			);
			runOnlyForDeploymentPostprocessing = 0;
		};
/* End PBXFrameworksBuildPhase section */

/* Begin PBXGroup section */
		DCC7EB4B2B950B3500FD170A = {
			isa = PBXGroup;
			children = (
				DCC7EB562B950B3500FD170A /* AirQualityMap */,
				DCC7EB552B950B3500FD170A /* Products */,
			);
			sourceTree = "<group>";
		};
		DCC7EB552B950B3500FD170A /* Products */ = {
			isa = PBXGroup;
			children = (
				DCC7EB542B950B3500FD170A /* AirQualityMap.app */,
			);
			name = Products;
			sourceTree = "<group>";
		};
		DCC7EB562B950B3500FD170A /* AirQualityMap */ = {
			isa = PBXGroup;
			children = (
				DCC7EB572B950B3500FD170A /* AirQualityMapApp.swift */,
				DCC7EB592B950B3500FD170A /* ContentView.swift */,
				DCC7EB5B2B950B3600FD170A /* Assets.xcassets */,
				DCC7EB5D2B950B3600FD170A /* Preview Content */,
				DCC7EB682B950FE300FD170A /* AppViewModel.swift */,
				DCC7EB6A2B95CB8600FD170A /* CoordinatesFinder.swift */,
				DCC7EB6C2B95D5BD00FD170A /* CircleAQIView.swift */,
			);
			path = AirQualityMap;
			sourceTree = "<group>";
		};
		DCC7EB5D2B950B3600FD170A /* Preview Content */ = {
			isa = PBXGroup;
			children = (
				DCC7EB5E2B950B3600FD170A /* Preview Assets.xcassets */,
			);
			path = "Preview Content";
			sourceTree = "<group>";
		};
/* End PBXGroup section */

/* Begin PBXNativeTarget section */
		DCC7EB532B950B3500FD170A /* AirQualityMap */ = {
			isa = PBXNativeTarget;
			buildConfigurationList = DCC7EB622B950B3600FD170A /* Build configuration list for PBXNativeTarget "AirQualityMap" */;
			buildPhases = (
				DCC7EB502B950B3500FD170A /* Sources */,
				DCC7EB512B950B3500FD170A /* Frameworks */,
				DCC7EB522B950B3500FD170A /* Resources */,
			);
			buildRules = (
			);
			dependencies = (
			);
			name = AirQualityMap;
			packageProductDependencies = (
				DCC7EB662B950C0A00FD170A /* XCAAQI */,
			);
			productName = AirQualityMap;
			productReference = DCC7EB542B950B3500FD170A /* AirQualityMap.app */;
			productType = "com.apple.product-type.application";
		};
/* End PBXNativeTarget section */

/* Begin PBXProject section */
		DCC7EB4C2B950B3500FD170A /* Project object */ = {
			isa = PBXProject;
			attributes = {
				BuildIndependentTargetsInParallel = 1;
				LastSwiftUpdateCheck = 1520;
				LastUpgradeCheck = 1520;
				TargetAttributes = {
					DCC7EB532B950B3500FD170A = {
						CreatedOnToolsVersion = 15.2;
					};
				};
			};
			buildConfigurationList = DCC7EB4F2B950B3500FD170A /* Build configuration list for PBXProject "AirQualityMap" */;
			compatibilityVersion = "Xcode 14.0";
			developmentRegion = en;
			hasScannedForEncodings = 0;
			knownRegions = (
				en,
				Base,
			);
			mainGroup = DCC7EB4B2B950B3500FD170A;
			packageReferences = (
				DCC7EB652B950C0A00FD170A /* XCRemoteSwiftPackageReference "XCAAQI" */,
			);
			productRefGroup = DCC7EB552B950B3500FD170A /* Products */;
			projectDirPath = "";
			projectRoot = "";
			targets = (
				DCC7EB532B950B3500FD170A /* AirQualityMap */,
			);
		};
/* End PBXProject section */

/* Begin PBXResourcesBuildPhase section */
		DCC7EB522B950B3500FD170A /* Resources */ = {
			isa = PBXResourcesBuildPhase;
			buildActionMask = 2147483647;
			files = (
				DCC7EB5F2B950B3600FD170A /* Preview Assets.xcassets in Resources */,
				DCC7EB5C2B950B3600FD170A /* Assets.xcassets in Resources */,
			);
			runOnlyForDeploymentPostprocessing = 0;
		};
/* End PBXResourcesBuildPhase section */

/* Begin PBXSourcesBuildPhase section */
		DCC7EB502B950B3500FD170A /* Sources */ = {
			isa = PBXSourcesBuildPhase;
			buildActionMask = 2147483647;
			files = (
				DCC7EB5A2B950B3500FD170A /* ContentView.swift in Sources */,
				DCC7EB6B2B95CB8600FD170A /* CoordinatesFinder.swift in Sources */,
				DCC7EB582B950B3500FD170A /* AirQualityMapApp.swift in Sources */,
				DCC7EB692B950FE300FD170A /* AppViewModel.swift in Sources */,
				DCC7EB6D2B95D5BD00FD170A /* CircleAQIView.swift in Sources */,
			);
			runOnlyForDeploymentPostprocessing = 0;
		};
/* End PBXSourcesBuildPhase section */

/* Begin XCBuildConfiguration section */
		DCC7EB602B950B3600FD170A /* Debug */ = {
			isa = XCBuildConfiguration;
			buildSettings = {
				ALWAYS_SEARCH_USER_PATHS = NO;
				ASSETCATALOG_COMPILER_GENERATE_SWIFT_ASSET_SYMBOL_EXTENSIONS = YES;
				CLANG_ANALYZER_NONNULL = YES;
				CLANG_ANALYZER_NUMBER_OBJECT_CONVERSION = YES_AGGRESSIVE;
				CLANG_CXX_LANGUAGE_STANDARD = "gnu++20";
				CLANG_ENABLE_MODULES = YES;
				CLANG_ENABLE_OBJC_ARC = YES;
				CLANG_ENABLE_OBJC_WEAK = YES;
				CLANG_WARN_BLOCK_CAPTURE_AUTORELEASING = YES;
				CLANG_WARN_BOOL_CONVERSION = YES;
				CLANG_WARN_COMMA = YES;
				CLANG_WARN_CONSTANT_CONVERSION = YES;
				CLANG_WARN_DEPRECATED_OBJC_IMPLEMENTATIONS = YES;
				CLANG_WARN_DIRECT_OBJC_ISA_USAGE = YES_ERROR;
				CLANG_WARN_DOCUMENTATION_COMMENTS = YES;
				CLANG_WARN_EMPTY_BODY = YES;
				CLANG_WARN_ENUM_CONVERSION = YES;
				CLANG_WARN_INFINITE_RECURSION = YES;
				CLANG_WARN_INT_CONVERSION = YES;
				CLANG_WARN_NON_LITERAL_NULL_CONVERSION = YES;
				CLANG_WARN_OBJC_IMPLICIT_RETAIN_SELF = YES;
				CLANG_WARN_OBJC_LITERAL_CONVERSION = YES;
				CLANG_WARN_OBJC_ROOT_CLASS = YES_ERROR;
				CLANG_WARN_QUOTED_INCLUDE_IN_FRAMEWORK_HEADER = YES;
				CLANG_WARN_RANGE_LOOP_ANALYSIS = YES;
				CLANG_WARN_STRICT_PROTOTYPES = YES;
				CLANG_WARN_SUSPICIOUS_MOVE = YES;
				CLANG_WARN_UNGUARDED_AVAILABILITY = YES_AGGRESSIVE;
				CLANG_WARN_UNREACHABLE_CODE = YES;
				CLANG_WARN__DUPLICATE_METHOD_MATCH = YES;
				COPY_PHASE_STRIP = NO;
				DEBUG_INFORMATION_FORMAT = dwarf;
				ENABLE_STRICT_OBJC_MSGSEND = YES;
				ENABLE_TESTABILITY = YES;
				ENABLE_USER_SCRIPT_SANDBOXING = YES;
				GCC_C_LANGUAGE_STANDARD = gnu17;
				GCC_DYNAMIC_NO_PIC = NO;
				GCC_NO_COMMON_BLOCKS = YES;
				GCC_OPTIMIZATION_LEVEL = 0;
				GCC_PREPROCESSOR_DEFINITIONS = (
					"DEBUG=1",
					"$(inherited)",
				);
				GCC_WARN_64_TO_32_BIT_CONVERSION = YES;
				GCC_WARN_ABOUT_RETURN_TYPE = YES_ERROR;
				GCC_WARN_UNDECLARED_SELECTOR = YES;
				GCC_WARN_UNINITIALIZED_AUTOS = YES_AGGRESSIVE;
				GCC_WARN_UNUSED_FUNCTION = YES;
				GCC_WARN_UNUSED_VARIABLE = YES;
				IPHONEOS_DEPLOYMENT_TARGET = 17.2;
				LOCALIZATION_PREFERS_STRING_CATALOGS = YES;
				MTL_ENABLE_DEBUG_INFO = INCLUDE_SOURCE;
				MTL_FAST_MATH = YES;
				ONLY_ACTIVE_ARCH = YES;
				SDKROOT = iphoneos;
				SWIFT_ACTIVE_COMPILATION_CONDITIONS = "DEBUG $(inherited)";
				SWIFT_OPTIMIZATION_LEVEL = "-Onone";
			};
			name = Debug;
		};
		DCC7EB612B950B3600FD170A /* Release */ = {
			isa = XCBuildConfiguration;
			buildSettings = {
				ALWAYS_SEARCH_USER_PATHS = NO;
				ASSETCATALOG_COMPILER_GENERATE_SWIFT_ASSET_SYMBOL_EXTENSIONS = YES;
				CLANG_ANALYZER_NONNULL = YES;
				CLANG_ANALYZER_NUMBER_OBJECT_CONVERSION = YES_AGGRESSIVE;
				CLANG_CXX_LANGUAGE_STANDARD = "gnu++20";
				CLANG_ENABLE_MODULES = YES;
				CLANG_ENABLE_OBJC_ARC = YES;
				CLANG_ENABLE_OBJC_WEAK = YES;
				CLANG_WARN_BLOCK_CAPTURE_AUTORELEASING = YES;
				CLANG_WARN_BOOL_CONVERSION = YES;
				CLANG_WARN_COMMA = YES;
				CLANG_WARN_CONSTANT_CONVERSION = YES;
				CLANG_WARN_DEPRECATED_OBJC_IMPLEMENTATIONS = YES;
				CLANG_WARN_DIRECT_OBJC_ISA_USAGE = YES_ERROR;
				CLANG_WARN_DOCUMENTATION_COMMENTS = YES;
				CLANG_WARN_EMPTY_BODY = YES;
				CLANG_WARN_ENUM_CONVERSION = YES;
				CLANG_WARN_INFINITE_RECURSION = YES;
				CLANG_WARN_INT_CONVERSION = YES;
				CLANG_WARN_NON_LITERAL_NULL_CONVERSION = YES;
				CLANG_WARN_OBJC_IMPLICIT_RETAIN_SELF = YES;
				CLANG_WARN_OBJC_LITERAL_CONVERSION = YES;
				CLANG_WARN_OBJC_ROOT_CLASS = YES_ERROR;
				CLANG_WARN_QUOTED_INCLUDE_IN_FRAMEWORK_HEADER = YES;
				CLANG_WARN_RANGE_LOOP_ANALYSIS = YES;
				CLANG_WARN_STRICT_PROTOTYPES = YES;
				CLANG_WARN_SUSPICIOUS_MOVE = YES;
				CLANG_WARN_UNGUARDED_AVAILABILITY = YES_AGGRESSIVE;
				CLANG_WARN_UNREACHABLE_CODE = YES;
				CLANG_WARN__DUPLICATE_METHOD_MATCH = YES;
				COPY_PHASE_STRIP = NO;
				DEBUG_INFORMATION_FORMAT = "dwarf-with-dsym";
				ENABLE_NS_ASSERTIONS = NO;
				ENABLE_STRICT_OBJC_MSGSEND = YES;
				ENABLE_USER_SCRIPT_SANDBOXING = YES;
				GCC_C_LANGUAGE_STANDARD = gnu17;
				GCC_NO_COMMON_BLOCKS = YES;
				GCC_WARN_64_TO_32_BIT_CONVERSION = YES;
				GCC_WARN_ABOUT_RETURN_TYPE = YES_ERROR;
				GCC_WARN_UNDECLARED_SELECTOR = YES;
				GCC_WARN_UNINITIALIZED_AUTOS = YES_AGGRESSIVE;
				GCC_WARN_UNUSED_FUNCTION = YES;
				GCC_WARN_UNUSED_VARIABLE = YES;
				IPHONEOS_DEPLOYMENT_TARGET = 17.2;
				LOCALIZATION_PREFERS_STRING_CATALOGS = YES;
				MTL_ENABLE_DEBUG_INFO = NO;
				MTL_FAST_MATH = YES;
				SDKROOT = iphoneos;
				SWIFT_COMPILATION_MODE = wholemodule;
				VALIDATE_PRODUCT = YES;
			};
			name = Release;
		};
		DCC7EB632B950B3600FD170A /* Debug */ = {
			isa = XCBuildConfiguration;
			buildSettings = {
				ASSETCATALOG_COMPILER_APPICON_NAME = AppIcon;
				ASSETCATALOG_COMPILER_GLOBAL_ACCENT_COLOR_NAME = AccentColor;
				CODE_SIGN_STYLE = Automatic;
				CURRENT_PROJECT_VERSION = 1;
				DEVELOPMENT_ASSET_PATHS = "\"AirQualityMap/Preview Content\"";
				DEVELOPMENT_TEAM = PS8T79M5Q3;
				ENABLE_PREVIEWS = YES;
				GENERATE_INFOPLIST_FILE = YES;
				INFOPLIST_KEY_UIApplicationSceneManifest_Generation = YES;
				INFOPLIST_KEY_UIApplicationSupportsIndirectInputEvents = YES;
				INFOPLIST_KEY_UILaunchScreen_Generation = YES;
				INFOPLIST_KEY_UISupportedInterfaceOrientations_iPad = "UIInterfaceOrientationPortrait UIInterfaceOrientationPortraitUpsideDown UIInterfaceOrientationLandscapeLeft UIInterfaceOrientationLandscapeRight";
				INFOPLIST_KEY_UISupportedInterfaceOrientations_iPhone = "UIInterfaceOrientationPortrait UIInterfaceOrientationLandscapeLeft UIInterfaceOrientationLandscapeRight";
				LD_RUNPATH_SEARCH_PATHS = (
					"$(inherited)",
					"@executable_path/Frameworks",
				);
				MARKETING_VERSION = 1.0;
				PRODUCT_BUNDLE_IDENTIFIER = com.kosova.AirQualityMap;
				PRODUCT_NAME = "$(TARGET_NAME)";
				SWIFT_EMIT_LOC_STRINGS = YES;
				SWIFT_VERSION = 5.0;
				TARGETED_DEVICE_FAMILY = "1,2";
			};
			name = Debug;
		};
		DCC7EB642B950B3600FD170A /* Release */ = {
			isa = XCBuildConfiguration;
			buildSettings = {
				ASSETCATALOG_COMPILER_APPICON_NAME = AppIcon;
				ASSETCATALOG_COMPILER_GLOBAL_ACCENT_COLOR_NAME = AccentColor;
				CODE_SIGN_STYLE = Automatic;
				CURRENT_PROJECT_VERSION = 1;
				DEVELOPMENT_ASSET_PATHS = "\"AirQualityMap/Preview Content\"";
				DEVELOPMENT_TEAM = PS8T79M5Q3;
				ENABLE_PREVIEWS = YES;
				GENERATE_INFOPLIST_FILE = YES;
				INFOPLIST_KEY_UIApplicationSceneManifest_Generation = YES;
				INFOPLIST_KEY_UIApplicationSupportsIndirectInputEvents = YES;
				INFOPLIST_KEY_UILaunchScreen_Generation = YES;
				INFOPLIST_KEY_UISupportedInterfaceOrientations_iPad = "UIInterfaceOrientationPortrait UIInterfaceOrientationPortraitUpsideDown UIInterfaceOrientationLandscapeLeft UIInterfaceOrientationLandscapeRight";
				INFOPLIST_KEY_UISupportedInterfaceOrientations_iPhone = "UIInterfaceOrientationPortrait UIInterfaceOrientationLandscapeLeft UIInterfaceOrientationLandscapeRight";
				LD_RUNPATH_SEARCH_PATHS = (
					"$(inherited)",
					"@executable_path/Frameworks",
				);
				MARKETING_VERSION = 1.0;
				PRODUCT_BUNDLE_IDENTIFIER = com.kosova.AirQualityMap;
				PRODUCT_NAME = "$(TARGET_NAME)";
				SWIFT_EMIT_LOC_STRINGS = YES;
				SWIFT_VERSION = 5.0;
				TARGETED_DEVICE_FAMILY = "1,2";
			};
			name = Release;
		};
/* End XCBuildConfiguration section */

/* Begin XCConfigurationList section */
		DCC7EB4F2B950B3500FD170A /* Build configuration list for PBXProject "AirQualityMap" */ = {
			isa = XCConfigurationList;
			buildConfigurations = (
				DCC7EB602B950B3600FD170A /* Debug */,
				DCC7EB612B950B3600FD170A /* Release */,
			);
			defaultConfigurationIsVisible = 0;
			defaultConfigurationName = Release;
		};
		DCC7EB622B950B3600FD170A /* Build configuration list for PBXNativeTarget "AirQualityMap" */ = {
			isa = XCConfigurationList;
			buildConfigurations = (
				DCC7EB632B950B3600FD170A /* Debug */,
				DCC7EB642B950B3600FD170A /* Release */,
			);
			defaultConfigurationIsVisible = 0;
			defaultConfigurationName = Release;
		};
/* End XCConfigurationList section */

/* Begin XCRemoteSwiftPackageReference section */
		DCC7EB652B950C0A00FD170A /* XCRemoteSwiftPackageReference "XCAAQI" */ = {
			isa = XCRemoteSwiftPackageReference;
			repositoryURL = "https://github.com/alfianlosari/XCAAQI";
			requirement = {
				branch = main;
				kind = branch;
			};
		};
/* End XCRemoteSwiftPackageReference section */

/* Begin XCSwiftPackageProductDependency section */
		DCC7EB662B950C0A00FD170A /* XCAAQI */ = {
			isa = XCSwiftPackageProductDependency;
			package = DCC7EB652B950C0A00FD170A /* XCRemoteSwiftPackageReference "XCAAQI" */;
			productName = XCAAQI;
		};
/* End XCSwiftPackageProductDependency section */
	};
	rootObject = DCC7EB4C2B950B3500FD170A /* Project object */;
}
